
Microsoft Visual Studio Solution File, Format Version 12.00
# Visual Studio Version 17
VisualStudioVersion = 17.14.36221.1 d17.14
MinimumVisualStudioVersion = 10.0.40219.1
Project("{8BC9CEB8-8B4A-11D0-8D11-00A0C91BC942}") = "NtCall64_LogParser", "NtCall64_LogParser.vcxproj", "{17C7BC46-5AA1-45EB-804F-4FC21BB7FCCF}"
EndProject
Global
	GlobalSection(SolutionConfigurationPlatforms) = preSolution
		Debug|x64 = Debug|x64
		Debug|x86 = Debug|x86
		Release|x64 = Release|x64
		Release|x86 = Release|x86
	EndGlobalSection
	GlobalSection(ProjectConfigurationPlatforms) = postSolution
		{17C7BC46-5AA1-45EB-804F-4FC21BB7FCCF}.Debug|x64.ActiveCfg = Debug|x64
		{17C7BC46-5AA1-45EB-804F-4FC21BB7FCCF}.Debug|x64.Build.0 = Debug|x64
		{17C7BC46-5AA1-45EB-804F-4FC21BB7FCCF}.Debug|x86.ActiveCfg = Debug|Win32
		{17C7BC46-5AA1-45EB-804F-4FC21BB7FCCF}.Debug|x86.Build.0 = Debug|Win32
		{17C7BC46-5AA1-45EB-804F-4FC21BB7FCCF}.Release|x64.ActiveCfg = Release|x64
		{17C7BC46-5AA1-45EB-804F-4FC21BB7FCCF}.Release|x64.Build.0 = Release|x64
		{17C7BC46-5AA1-45EB-804F-4FC21BB7FCCF}.Release|x86.ActiveCfg = Release|Win32
		{17C7BC46-5AA1-45EB-804F-4FC21BB7FCCF}.Release|x86.Build.0 = Release|Win32
	EndGlobalSection
	GlobalSection(SolutionProperties) = preSolution
		HideSolutionNode = FALSE
	EndGlobalSection
	GlobalSection(ExtensibilityGlobals) = postSolution
		SolutionGuid = {0B79C469-7651-4D66-9453-CB584D41587C}
	EndGlobalSection
EndGlobal
