
Microsoft Visual Studio Solution File, Format Version 12.00
# Visual Studio 15
VisualStudioVersion = 15.0.28307.168
MinimumVisualStudioVersion = 10.0.40219.1
Project("{8BC9CEB8-8B4A-11D0-8D11-00A0C91BC942}") = "srvany", "srvany2\srvany2.vcxproj", "{DA2D114B-786B-4999-8338-7D2A772EAE69}"
EndProject
Global
	GlobalSection(SolutionConfigurationPlatforms) = preSolution
		Debug|x86 = Debug|x86
		Release|x86 = Release|x86
	EndGlobalSection
	GlobalSection(ProjectConfigurationPlatforms) = postSolution
		{DA2D114B-786B-4999-8338-7D2A772EAE69}.Debug|x86.ActiveCfg = Debug|Win32
		{DA2D114B-786B-4999-8338-7D2A772EAE69}.Debug|x86.Build.0 = Debug|Win32
		{DA2D114B-786B-4999-8338-7D2A772EAE69}.Release|x86.ActiveCfg = Release|Win32
		{DA2D114B-786B-4999-8338-7D2A772EAE69}.Release|x86.Build.0 = Release|Win32
	EndGlobalSection
	GlobalSection(SolutionProperties) = preSolution
		HideSolutionNode = FALSE
	EndGlobalSection
	GlobalSection(ExtensibilityGlobals) = postSolution
		SolutionGuid = {9159E424-291B-45AC-B085-CD7D7837B77D}
	EndGlobalSection
EndGlobal
