
Microsoft Visual Studio Solution File, Format Version 9.00
# Visual Studio 2005
Project("{8BC9CEB8-8B4A-11D0-8D11-00A0C91BC942}") = "HWInterfaceDrv", "HWInterfaceDrv.vcproj", "{95B297EE-9E8E-464B-B626-A69C9ED13158}"
EndProject
Global
	GlobalSection(SolutionConfigurationPlatforms) = preSolution
		Debug|Win32 = Debug|Win32
		Release|Win32 = Release|Win32
	EndGlobalSection
	GlobalSection(ProjectConfigurationPlatforms) = postSolution
		{95B297EE-9E8E-464B-B626-A69C9ED13158}.Debug|Win32.ActiveCfg = Debug|Win32
		{95B297EE-9E8E-464B-B626-A69C9ED13158}.Debug|Win32.Build.0 = Debug|Win32
		{95B297EE-9E8E-464B-B626-A69C9ED13158}.Release|Win32.ActiveCfg = Release|Win32
		{95B297EE-9E8E-464B-B626-A69C9ED13158}.Release|Win32.Build.0 = Release|Win32
	EndGlobalSection
	GlobalSection(SolutionProperties) = preSolution
		HideSolutionNode = FALSE
	EndGlobalSection
EndGlobal
